PODS:
  - AFNetworking (3.0.4):
    - AFNetworking/NSURLSession (= 3.0.4)
    - AFNetworking/Reachability (= 3.0.4)
    - AFNetworking/Security (= 3.0.4)
    - AFNetworking/Serialization (= 3.0.4)
    - AFNetworking/UIKit (= 3.0.4)
  - AFNetworking/NSURLSession (3.0.4):
    - AFNetworking/Reachability
    - AFNetworking/Security
    - AFNetworking/Serialization
  - AFNetworking/Reachability (3.0.4)
  - AFNetworking/Security (3.0.4)
  - AFNetworking/Serialization (3.0.4)
  - AFNetworking/UIKit (3.0.4):
    - AFNetworking/NSURLSession
  - BDBOAuth1Manager (2.0.0):
    - AFNetworking/NSURLSession (~> 3.0.0)
  - MBProgressHUD (1.0.0)
  - NSDate+TimeAgo (1.0.6)

DEPENDENCIES:
  - AFNetworking
  - BDBOAuth1Manager
  - MBProgressHUD
  - NSDate+TimeAgo

SPEC CHECKSUMS:
  AFNetworking: a0075feb321559dc78d9d85b55d11caa19eabb93
  BDBOAuth1Manager: 92d17d06f8a648602962304cd2f35ae7394fa001
  MBProgressHUD: 4890f671c94e8a0f3cf959aa731e9de2f036d71a
  NSDate+TimeAgo: 35601c619b2d59290055e4fe76e61d97677a2360

PODFILE CHECKSUM: d9ad7ab7e98b439c562623c57cc5ec441a60de8c

COCOAPODS: 1.0.1
